
Microsoft Visual Studio Solution File, Format Version 12.00
# Visual Studio Version 17
VisualStudioVersion = 17.8.34601.278
MinimumVisualStudioVersion = 10.0.40219.1
Project("{FAE04EC0-301F-11D3-BF4B-00C04F79EFBC}") = "ENTITY_FRAMEWORK-CRUD_OPS", "ENTITY_FRAMEWORK-CRUD_OPS\ENTITY_FRAMEWORK-CRUD_OPS.csproj", "{B109E1DC-1B27-4F00-8E11-B07F3F575AA6}"
EndProject
Global
	GlobalSection(SolutionConfigurationPlatforms) = preSolution
		Debug|Any CPU = Debug|Any CPU
		Release|Any CPU = Release|Any CPU
	EndGlobalSection
	GlobalSection(ProjectConfigurationPlatforms) = postSolution
		{B109E1DC-1B27-4F00-8E11-B07F3F575AA6}.Debug|Any CPU.ActiveCfg = Debug|Any CPU
		{B109E1DC-1B27-4F00-8E11-B07F3F575AA6}.Debug|Any CPU.Build.0 = Debug|Any CPU
		{B109E1DC-1B27-4F00-8E11-B07F3F575AA6}.Release|Any CPU.ActiveCfg = Release|Any CPU
		{B109E1DC-1B27-4F00-8E11-B07F3F575AA6}.Release|Any CPU.Build.0 = Release|Any CPU
	EndGlobalSection
	GlobalSection(SolutionProperties) = preSolution
		HideSolutionNode = FALSE
	EndGlobalSection
	GlobalSection(ExtensibilityGlobals) = postSolution
		SolutionGuid = {13A444B5-21DC-4C13-AEFF-B48798436FD9}
	EndGlobalSection
EndGlobal
